
Microsoft Visual Studio Solution File, Format Version 12.00
# Visual Studio Version 16
VisualStudioVersion = 16.0.29926.136
MinimumVisualStudioVersion = 10.0.40219.1
Project("{9A19103F-16F7-4668-BE54-9A1E7A4F7556}") = "CensoDemografico.Api", "CensoDemografico.Api\CensoDemografico.Api.csproj", "{6336B342-7971-432D-B130-5CF53A549540}"
EndProject
Project("{9A19103F-16F7-4668-BE54-9A1E7A4F7556}") = "CensoDemografico.Domain", "CensoDemografico.Domain\CensoDemografico.Domain.csproj", "{CEB72DEA-9142-44D0-AF27-DED859908E50}"
EndProject
Project("{9A19103F-16F7-4668-BE54-9A1E7A4F7556}") = "CensoDemografico.Infra", "CensoDemografico.Infra\CensoDemografico.Infra.csproj", "{D7583F23-578E-47CF-A11E-21511AC8274F}"
EndProject
Project("{9A19103F-16F7-4668-BE54-9A1E7A4F7556}") = "CensoDemografico.Services", "CensoDemografico.Services\CensoDemografico.Services.csproj", "{7B9AC80A-0717-47DE-87A6-2CECE35EB2C5}"
EndProject
Project("{9A19103F-16F7-4668-BE54-9A1E7A4F7556}") = "CensoDemografico.XUnitTest", "CensoDemografico.XUnitTest\CensoDemografico.XUnitTest.csproj", "{EB987E57-D759-454E-A875-7DD6CBCF5D88}"
EndProject
Global
	GlobalSection(SolutionConfigurationPlatforms) = preSolution
		Debug|Any CPU = Debug|Any CPU
		Release|Any CPU = Release|Any CPU
	EndGlobalSection
	GlobalSection(ProjectConfigurationPlatforms) = postSolution
		{6336B342-7971-432D-B130-5CF53A549540}.Debug|Any CPU.ActiveCfg = Debug|Any CPU
		{6336B342-7971-432D-B130-5CF53A549540}.Debug|Any CPU.Build.0 = Debug|Any CPU
		{6336B342-7971-432D-B130-5CF53A549540}.Release|Any CPU.ActiveCfg = Release|Any CPU
		{6336B342-7971-432D-B130-5CF53A549540}.Release|Any CPU.Build.0 = Release|Any CPU
		{CEB72DEA-9142-44D0-AF27-DED859908E50}.Debug|Any CPU.ActiveCfg = Debug|Any CPU
		{CEB72DEA-9142-44D0-AF27-DED859908E50}.Debug|Any CPU.Build.0 = Debug|Any CPU
		{CEB72DEA-9142-44D0-AF27-DED859908E50}.Release|Any CPU.ActiveCfg = Release|Any CPU
		{CEB72DEA-9142-44D0-AF27-DED859908E50}.Release|Any CPU.Build.0 = Release|Any CPU
		{D7583F23-578E-47CF-A11E-21511AC8274F}.Debug|Any CPU.ActiveCfg = Debug|Any CPU
		{D7583F23-578E-47CF-A11E-21511AC8274F}.Debug|Any CPU.Build.0 = Debug|Any CPU
		{D7583F23-578E-47CF-A11E-21511AC8274F}.Release|Any CPU.ActiveCfg = Release|Any CPU
		{D7583F23-578E-47CF-A11E-21511AC8274F}.Release|Any CPU.Build.0 = Release|Any CPU
		{7B9AC80A-0717-47DE-87A6-2CECE35EB2C5}.Debug|Any CPU.ActiveCfg = Debug|Any CPU
		{7B9AC80A-0717-47DE-87A6-2CECE35EB2C5}.Debug|Any CPU.Build.0 = Debug|Any CPU
		{7B9AC80A-0717-47DE-87A6-2CECE35EB2C5}.Release|Any CPU.ActiveCfg = Release|Any CPU
		{7B9AC80A-0717-47DE-87A6-2CECE35EB2C5}.Release|Any CPU.Build.0 = Release|Any CPU
		{EB987E57-D759-454E-A875-7DD6CBCF5D88}.Debug|Any CPU.ActiveCfg = Debug|Any CPU
		{EB987E57-D759-454E-A875-7DD6CBCF5D88}.Debug|Any CPU.Build.0 = Debug|Any CPU
		{EB987E57-D759-454E-A875-7DD6CBCF5D88}.Release|Any CPU.ActiveCfg = Release|Any CPU
		{EB987E57-D759-454E-A875-7DD6CBCF5D88}.Release|Any CPU.Build.0 = Release|Any CPU
	EndGlobalSection
	GlobalSection(SolutionProperties) = preSolution
		HideSolutionNode = FALSE
	EndGlobalSection
	GlobalSection(ExtensibilityGlobals) = postSolution
		SolutionGuid = {B6F9A5FA-6CAD-4F45-B46E-79403A07E556}
	EndGlobalSection
EndGlobal
